
Microsoft Visual Studio Solution File, Format Version 12.00
# Visual Studio 15
VisualStudioVersion = 15.0.28307.1321
MinimumVisualStudioVersion = 10.0.40219.1
Project("{FAE04EC0-301F-11D3-BF4B-00C04F79EFBC}") = "Tuner", "Tuner\Tuner.csproj", "{E2851A92-D369-49B7-B893-C68188E7EABE}"
EndProject
Global
	GlobalSection(SolutionConfigurationPlatforms) = preSolution
		Debug|Any CPU = Debug|Any CPU
		Release|Any CPU = Release|Any CPU
	EndGlobalSection
	GlobalSection(ProjectConfigurationPlatforms) = postSolution
		{E2851A92-D369-49B7-B893-C68188E7EABE}.Debug|Any CPU.ActiveCfg = Debug|Any CPU
		{E2851A92-D369-49B7-B893-C68188E7EABE}.Debug|Any CPU.Build.0 = Debug|Any CPU
		{E2851A92-D369-49B7-B893-C68188E7EABE}.Release|Any CPU.ActiveCfg = Release|Any CPU
		{E2851A92-D369-49B7-B893-C68188E7EABE}.Release|Any CPU.Build.0 = Release|Any CPU
	EndGlobalSection
	GlobalSection(SolutionProperties) = preSolution
		HideSolutionNode = FALSE
	EndGlobalSection
	GlobalSection(ExtensibilityGlobals) = postSolution
		SolutionGuid = {0095E9D7-8238-44A4-8842-5F9A42C43C8F}
	EndGlobalSection
EndGlobal
